// !$*UTF8*$!
{
	archiveVersion = 1;
	classes = {
	};
	objectVersion = 50;
	objects = {

/* Begin PBXBuildFile section */
		3ADD69A425E41DBB0018344C /* AppDelegate.swift in Sources */ = {isa = PBXBuildFile; fileRef = 3ADD69A325E41DBB0018344C /* AppDelegate.swift */; };
		3ADD69A625E41DBB0018344C /* SceneDelegate.swift in Sources */ = {isa = PBXBuildFile; fileRef = 3ADD69A525E41DBB0018344C /* SceneDelegate.swift */; };
		3ADD69A825E41DBB0018344C /* ViewController.swift in Sources */ = {isa = PBXBuildFile; fileRef = 3ADD69A725E41DBB0018344C /* ViewController.swift */; };
		3ADD69AB25E41DBB0018344C /* Main.storyboard in Resources */ = {isa = PBXBuildFile; fileRef = 3ADD69A925E41DBB0018344C /* Main.storyboard */; };
		3ADD69AD25E41DBD0018344C /* Assets.xcassets in Resources */ = {isa = PBXBuildFile; fileRef = 3ADD69AC25E41DBD0018344C /* Assets.xcassets */; };
		3ADD69B025E41DBD0018344C /* LaunchScreen.storyboard in Resources */ = {isa = PBXBuildFile; fileRef = 3ADD69AE25E41DBD0018344C /* LaunchScreen.storyboard */; };
		3ADD69B925E4201C0018344C /* RegularCell.xib in Resources */ = {isa = PBXBuildFile; fileRef = 3ADD69B825E4201C0018344C /* RegularCell.xib */; };
		3ADD69BC25E42B2C0018344C /* RegularCell.swift in Sources */ = {isa = PBXBuildFile; fileRef = 3ADD69BB25E42B2B0018344C /* RegularCell.swift */; };
/* End PBXBuildFile section */

/* Begin PBXFileReference section */
		3ADD69A025E41DBB0018344C /* ChatTableView.app */ = {isa = PBXFileReference; explicitFileType = wrapper.application; includeInIndex = 0; path = ChatTableView.app; sourceTree = BUILT_PRODUCTS_DIR; };
		3ADD69A325E41DBB0018344C /* AppDelegate.swift */ = {isa = PBXFileReference; lastKnownFileType = sourcecode.swift; path = AppDelegate.swift; sourceTree = "<group>"; };
		3ADD69A525E41DBB0018344C /* SceneDelegate.swift */ = {isa = PBXFileReference; lastKnownFileType = sourcecode.swift; path = SceneDelegate.swift; sourceTree = "<group>"; };
		3ADD69A725E41DBB0018344C /* ViewController.swift */ = {isa = PBXFileReference; lastKnownFileType = sourcecode.swift; path = ViewController.swift; sourceTree = "<group>"; };
		3ADD69AA25E41DBB0018344C /* Base */ = {isa = PBXFileReference; lastKnownFileType = file.storyboard; name = Base; path = Base.lproj/Main.storyboard; sourceTree = "<group>"; };
		3ADD69AC25E41DBD0018344C /* Assets.xcassets */ = {isa = PBXFileReference; lastKnownFileType = folder.assetcatalog; path = Assets.xcassets; sourceTree = "<group>"; };
		3ADD69AF25E41DBD0018344C /* Base */ = {isa = PBXFileReference; lastKnownFileType = file.storyboard; name = Base; path = Base.lproj/LaunchScreen.storyboard; sourceTree = "<group>"; };
		3ADD69B125E41DBD0018344C /* Info.plist */ = {isa = PBXFileReference; lastKnownFileType = text.plist.xml; path = Info.plist; sourceTree = "<group>"; };
		3ADD69B825E4201C0018344C /* RegularCell.xib */ = {isa = PBXFileReference; lastKnownFileType = file.xib; path = RegularCell.xib; sourceTree = "<group>"; };
		3ADD69BB25E42B2B0018344C /* RegularCell.swift */ = {isa = PBXFileReference; lastKnownFileType = sourcecode.swift; path = RegularCell.swift; sourceTree = "<group>"; };
/* End PBXFileReference section */

/* Begin PBXFrameworksBuildPhase section */
		3ADD699D25E41DBB0018344C /* Frameworks */ = {
			isa = PBXFrameworksBuildPhase;
			buildActionMask = 2147483647;
			files = (
			);
			runOnlyForDeploymentPostprocessing = 0;
		};
/* End PBXFrameworksBuildPhase section */

/* Begin PBXGroup section */
		3ADD699725E41DBB0018344C = {
			isa = PBXGroup;
			children = (
				3ADD69A225E41DBB0018344C /* ChatTableView */,
				3ADD69A125E41DBB0018344C /* Products */,
			);
			sourceTree = "<group>";
		};
		3ADD69A125E41DBB0018344C /* Products */ = {
			isa = PBXGroup;
			children = (
				3ADD69A025E41DBB0018344C /* ChatTableView.app */,
			);
			name = Products;
			sourceTree = "<group>";
		};
		3ADD69A225E41DBB0018344C /* ChatTableView */ = {
			isa = PBXGroup;
			children = (
				3ADD69A325E41DBB0018344C /* AppDelegate.swift */,
				3ADD69A525E41DBB0018344C /* SceneDelegate.swift */,
				3ADD69A725E41DBB0018344C /* ViewController.swift */,
				3ADD69A925E41DBB0018344C /* Main.storyboard */,
				3ADD69B825E4201C0018344C /* RegularCell.xib */,
				3ADD69BB25E42B2B0018344C /* RegularCell.swift */,
				3ADD69AC25E41DBD0018344C /* Assets.xcassets */,
				3ADD69AE25E41DBD0018344C /* LaunchScreen.storyboard */,
				3ADD69B125E41DBD0018344C /* Info.plist */,
			);
			path = ChatTableView;
			sourceTree = "<group>";
		};
/* End PBXGroup section */

/* Begin PBXNativeTarget section */
		3ADD699F25E41DBB0018344C /* ChatTableView */ = {
			isa = PBXNativeTarget;
			buildConfigurationList = 3ADD69B425E41DBD0018344C /* Build configuration list for PBXNativeTarget "ChatTableView" */;
			buildPhases = (
				3ADD699C25E41DBB0018344C /* Sources */,
				3ADD699D25E41DBB0018344C /* Frameworks */,
				3ADD699E25E41DBB0018344C /* Resources */,
			);
			buildRules = (
			);
			dependencies = (
			);
			name = ChatTableView;
			productName = ChatTableView;
			productReference = 3ADD69A025E41DBB0018344C /* ChatTableView.app */;
			productType = "com.apple.product-type.application";
		};
/* End PBXNativeTarget section */

/* Begin PBXProject section */
		3ADD699825E41DBB0018344C /* Project object */ = {
			isa = PBXProject;
			attributes = {
				LastSwiftUpdateCheck = 1240;
				LastUpgradeCheck = 1240;
				TargetAttributes = {
					3ADD699F25E41DBB0018344C = {
						CreatedOnToolsVersion = 12.4;
					};
				};
			};
			buildConfigurationList = 3ADD699B25E41DBB0018344C /* Build configuration list for PBXProject "ChatTableView" */;
			compatibilityVersion = "Xcode 9.3";
			developmentRegion = en;
			hasScannedForEncodings = 0;
			knownRegions = (
				en,
				Base,
			);
			mainGroup = 3ADD699725E41DBB0018344C;
			productRefGroup = 3ADD69A125E41DBB0018344C /* Products */;
			projectDirPath = "";
			projectRoot = "";
			targets = (
				3ADD699F25E41DBB0018344C /* ChatTableView */,
			);
		};
/* End PBXProject section */

/* Begin PBXResourcesBuildPhase section */
		3ADD699E25E41DBB0018344C /* Resources */ = {
			isa = PBXResourcesBuildPhase;
			buildActionMask = 2147483647;
			files = (
				3ADD69B025E41DBD0018344C /* LaunchScreen.storyboard in Resources */,
				3ADD69B925E4201C0018344C /* RegularCell.xib in Resources */,
				3ADD69AD25E41DBD0018344C /* Assets.xcassets in Resources */,
				3ADD69AB25E41DBB0018344C /* Main.storyboard in Resources */,
			);
			runOnlyForDeploymentPostprocessing = 0;
		};
/* End PBXResourcesBuildPhase section */

/* Begin PBXSourcesBuildPhase section */
		3ADD699C25E41DBB0018344C /* Sources */ = {
			isa = PBXSourcesBuildPhase;
			buildActionMask = 2147483647;
			files = (
				3ADD69A825E41DBB0018344C /* ViewController.swift in Sources */,
				3ADD69A425E41DBB0018344C /* AppDelegate.swift in Sources */,
				3ADD69BC25E42B2C0018344C /* RegularCell.swift in Sources */,
				3ADD69A625E41DBB0018344C /* SceneDelegate.swift in Sources */,
			);
			runOnlyForDeploymentPostprocessing = 0;
		};
/* End PBXSourcesBuildPhase section */

/* Begin PBXVariantGroup section */
		3ADD69A925E41DBB0018344C /* Main.storyboard */ = {
			isa = PBXVariantGroup;
			children = (
				3ADD69AA25E41DBB0018344C /* Base */,
			);
			name = Main.storyboard;
			sourceTree = "<group>";
		};
		3ADD69AE25E41DBD0018344C /* LaunchScreen.storyboard */ = {
			isa = PBXVariantGroup;
			children = (
				3ADD69AF25E41DBD0018344C /* Base */,
			);
			name = LaunchScreen.storyboard;
			sourceTree = "<group>";
		};
/* End PBXVariantGroup section */

/* Begin XCBuildConfiguration section */
		3ADD69B225E41DBD0018344C /* Debug */ = {
			isa = XCBuildConfiguration;
			buildSettings = {
				ALWAYS_SEARCH_USER_PATHS = NO;
				CLANG_ANALYZER_NONNULL = YES;
				CLANG_ANALYZER_NUMBER_OBJECT_CONVERSION = YES_AGGRESSIVE;
				CLANG_CXX_LANGUAGE_STANDARD = "gnu++14";
				CLANG_CXX_LIBRARY = "libc++";
				CLANG_ENABLE_MODULES = YES;
				CLANG_ENABLE_OBJC_ARC = YES;
				CLANG_ENABLE_OBJC_WEAK = YES;
				CLANG_WARN_BLOCK_CAPTURE_AUTORELEASING = YES;
				CLANG_WARN_BOOL_CONVERSION = YES;
				CLANG_WARN_COMMA = YES;
				CLANG_WARN_CONSTANT_CONVERSION = YES;
				CLANG_WARN_DEPRECATED_OBJC_IMPLEMENTATIONS = YES;
				CLANG_WARN_DIRECT_OBJC_ISA_USAGE = YES_ERROR;
				CLANG_WARN_DOCUMENTATION_COMMENTS = YES;
				CLANG_WARN_EMPTY_BODY = YES;
				CLANG_WARN_ENUM_CONVERSION = YES;
				CLANG_WARN_INFINITE_RECURSION = YES;
				CLANG_WARN_INT_CONVERSION = YES;
				CLANG_WARN_NON_LITERAL_NULL_CONVERSION = YES;
				CLANG_WARN_OBJC_IMPLICIT_RETAIN_SELF = YES;
				CLANG_WARN_OBJC_LITERAL_CONVERSION = YES;
				CLANG_WARN_OBJC_ROOT_CLASS = YES_ERROR;
				CLANG_WARN_QUOTED_INCLUDE_IN_FRAMEWORK_HEADER = YES;
				CLANG_WARN_RANGE_LOOP_ANALYSIS = YES;
				CLANG_WARN_STRICT_PROTOTYPES = YES;
				CLANG_WARN_SUSPICIOUS_MOVE = YES;
				CLANG_WARN_UNGUARDED_AVAILABILITY = YES_AGGRESSIVE;
				CLANG_WARN_UNREACHABLE_CODE = YES;
				CLANG_WARN__DUPLICATE_METHOD_MATCH = YES;
				COPY_PHASE_STRIP = NO;
				DEBUG_INFORMATION_FORMAT = dwarf;
				ENABLE_STRICT_OBJC_MSGSEND = YES;
				ENABLE_TESTABILITY = YES;
				GCC_C_LANGUAGE_STANDARD = gnu11;
				GCC_DYNAMIC_NO_PIC = NO;
				GCC_NO_COMMON_BLOCKS = YES;
				GCC_OPTIMIZATION_LEVEL = 0;
				GCC_PREPROCESSOR_DEFINITIONS = (
					"DEBUG=1",
					"$(inherited)",
				);
				GCC_WARN_64_TO_32_BIT_CONVERSION = YES;
				GCC_WARN_ABOUT_RETURN_TYPE = YES_ERROR;
				GCC_WARN_UNDECLARED_SELECTOR = YES;
				GCC_WARN_UNINITIALIZED_AUTOS = YES_AGGRESSIVE;
				GCC_WARN_UNUSED_FUNCTION = YES;
				GCC_WARN_UNUSED_VARIABLE = YES;
				IPHONEOS_DEPLOYMENT_TARGET = 14.4;
				MTL_ENABLE_DEBUG_INFO = INCLUDE_SOURCE;
				MTL_FAST_MATH = YES;
				ONLY_ACTIVE_ARCH = YES;
				SDKROOT = iphoneos;
				SWIFT_ACTIVE_COMPILATION_CONDITIONS = DEBUG;
				SWIFT_OPTIMIZATION_LEVEL = "-Onone";
			};
			name = Debug;
		};
		3ADD69B325E41DBD0018344C /* Release */ = {
			isa = XCBuildConfiguration;
			buildSettings = {
				ALWAYS_SEARCH_USER_PATHS = NO;
				CLANG_ANALYZER_NONNULL = YES;
				CLANG_ANALYZER_NUMBER_OBJECT_CONVERSION = YES_AGGRESSIVE;
				CLANG_CXX_LANGUAGE_STANDARD = "gnu++14";
				CLANG_CXX_LIBRARY = "libc++";
				CLANG_ENABLE_MODULES = YES;
				CLANG_ENABLE_OBJC_ARC = YES;
				CLANG_ENABLE_OBJC_WEAK = YES;
				CLANG_WARN_BLOCK_CAPTURE_AUTORELEASING = YES;
				CLANG_WARN_BOOL_CONVERSION = YES;
				CLANG_WARN_COMMA = YES;
				CLANG_WARN_CONSTANT_CONVERSION = YES;
				CLANG_WARN_DEPRECATED_OBJC_IMPLEMENTATIONS = YES;
				CLANG_WARN_DIRECT_OBJC_ISA_USAGE = YES_ERROR;
				CLANG_WARN_DOCUMENTATION_COMMENTS = YES;
				CLANG_WARN_EMPTY_BODY = YES;
				CLANG_WARN_ENUM_CONVERSION = YES;
				CLANG_WARN_INFINITE_RECURSION = YES;
				CLANG_WARN_INT_CONVERSION = YES;
				CLANG_WARN_NON_LITERAL_NULL_CONVERSION = YES;
				CLANG_WARN_OBJC_IMPLICIT_RETAIN_SELF = YES;
				CLANG_WARN_OBJC_LITERAL_CONVERSION = YES;
				CLANG_WARN_OBJC_ROOT_CLASS = YES_ERROR;
				CLANG_WARN_QUOTED_INCLUDE_IN_FRAMEWORK_HEADER = YES;
				CLANG_WARN_RANGE_LOOP_ANALYSIS = YES;
				CLANG_WARN_STRICT_PROTOTYPES = YES;
				CLANG_WARN_SUSPICIOUS_MOVE = YES;
				CLANG_WARN_UNGUARDED_AVAILABILITY = YES_AGGRESSIVE;
				CLANG_WARN_UNREACHABLE_CODE = YES;
				CLANG_WARN__DUPLICATE_METHOD_MATCH = YES;
				COPY_PHASE_STRIP = NO;
				DEBUG_INFORMATION_FORMAT = "dwarf-with-dsym";
				ENABLE_NS_ASSERTIONS = NO;
				ENABLE_STRICT_OBJC_MSGSEND = YES;
				GCC_C_LANGUAGE_STANDARD = gnu11;
				GCC_NO_COMMON_BLOCKS = YES;
				GCC_WARN_64_TO_32_BIT_CONVERSION = YES;
				GCC_WARN_ABOUT_RETURN_TYPE = YES_ERROR;
				GCC_WARN_UNDECLARED_SELECTOR = YES;
				GCC_WARN_UNINITIALIZED_AUTOS = YES_AGGRESSIVE;
				GCC_WARN_UNUSED_FUNCTION = YES;
				GCC_WARN_UNUSED_VARIABLE = YES;
				IPHONEOS_DEPLOYMENT_TARGET = 14.4;
				MTL_ENABLE_DEBUG_INFO = NO;
				MTL_FAST_MATH = YES;
				SDKROOT = iphoneos;
				SWIFT_COMPILATION_MODE = wholemodule;
				SWIFT_OPTIMIZATION_LEVEL = "-O";
				VALIDATE_PRODUCT = YES;
			};
			name = Release;
		};
		3ADD69B525E41DBD0018344C /* Debug */ = {
			isa = XCBuildConfiguration;
			buildSettings = {
				ASSETCATALOG_COMPILER_APPICON_NAME = AppIcon;
				ASSETCATALOG_COMPILER_GLOBAL_ACCENT_COLOR_NAME = AccentColor;
				CODE_SIGN_STYLE = Automatic;
				DEVELOPMENT_TEAM = 8J73Q43L2S;
				INFOPLIST_FILE = ChatTableView/Info.plist;
				LD_RUNPATH_SEARCH_PATHS = (
					"$(inherited)",
					"@executable_path/Frameworks",
				);
				PRODUCT_BUNDLE_IDENTIFIER = lt.1011.ChatTableView;
				PRODUCT_NAME = "$(TARGET_NAME)";
				SWIFT_VERSION = 5.0;
				TARGETED_DEVICE_FAMILY = "1,2";
			};
			name = Debug;
		};
		3ADD69B625E41DBD0018344C /* Release */ = {
			isa = XCBuildConfiguration;
			buildSettings = {
				ASSETCATALOG_COMPILER_APPICON_NAME = AppIcon;
				ASSETCATALOG_COMPILER_GLOBAL_ACCENT_COLOR_NAME = AccentColor;
				CODE_SIGN_STYLE = Automatic;
				DEVELOPMENT_TEAM = 8J73Q43L2S;
				INFOPLIST_FILE = ChatTableView/Info.plist;
				LD_RUNPATH_SEARCH_PATHS = (
					"$(inherited)",
					"@executable_path/Frameworks",
				);
				PRODUCT_BUNDLE_IDENTIFIER = lt.1011.ChatTableView;
				PRODUCT_NAME = "$(TARGET_NAME)";
				SWIFT_VERSION = 5.0;
				TARGETED_DEVICE_FAMILY = "1,2";
			};
			name = Release;
		};
/* End XCBuildConfiguration section */

/* Begin XCConfigurationList section */
		3ADD699B25E41DBB0018344C /* Build configuration list for PBXProject "ChatTableView" */ = {
			isa = XCConfigurationList;
			buildConfigurations = (
				3ADD69B225E41DBD0018344C /* Debug */,
				3ADD69B325E41DBD0018344C /* Release */,
			);
			defaultConfigurationIsVisible = 0;
			defaultConfigurationName = Release;
		};
		3ADD69B425E41DBD0018344C /* Build configuration list for PBXNativeTarget "ChatTableView" */ = {
			isa = XCConfigurationList;
			buildConfigurations = (
				3ADD69B525E41DBD0018344C /* Debug */,
				3ADD69B625E41DBD0018344C /* Release */,
			);
			defaultConfigurationIsVisible = 0;
			defaultConfigurationName = Release;
		};
/* End XCConfigurationList section */
	};
	rootObject = 3ADD699825E41DBB0018344C /* Project object */;
}
